
Microsoft Visual Studio Solution File, Format Version 12.00
# Visual Studio Version 17
VisualStudioVersion = 17.9.34616.47
MinimumVisualStudioVersion = 10.0.40219.1
Project("{9A19103F-16F7-4668-BE54-9A1E7A4F7556}") = "Dogs", "Dogs\Dogs.csproj", "{D36EDB83-89EE-401A-8086-4D777D845002}"
EndProject
Project("{FAE04EC0-301F-11D3-BF4B-00C04F79EFBC}") = "DogsTests", "DogsTests\DogsTests.csproj", "{9CD6A770-9096-4055-BC21-A1DBC5F0A48A}"
EndProject
Global
	GlobalSection(SolutionConfigurationPlatforms) = preSolution
		Debug|Any CPU = Debug|Any CPU
		Release|Any CPU = Release|Any CPU
	EndGlobalSection
	GlobalSection(ProjectConfigurationPlatforms) = postSolution
		{D36EDB83-89EE-401A-8086-4D777D845002}.Debug|Any CPU.ActiveCfg = Debug|Any CPU
		{D36EDB83-89EE-401A-8086-4D777D845002}.Debug|Any CPU.Build.0 = Debug|Any CPU
		{D36EDB83-89EE-401A-8086-4D777D845002}.Release|Any CPU.ActiveCfg = Release|Any CPU
		{D36EDB83-89EE-401A-8086-4D777D845002}.Release|Any CPU.Build.0 = Release|Any CPU
		{9CD6A770-9096-4055-BC21-A1DBC5F0A48A}.Debug|Any CPU.ActiveCfg = Debug|Any CPU
		{9CD6A770-9096-4055-BC21-A1DBC5F0A48A}.Debug|Any CPU.Build.0 = Debug|Any CPU
		{9CD6A770-9096-4055-BC21-A1DBC5F0A48A}.Release|Any CPU.ActiveCfg = Release|Any CPU
		{9CD6A770-9096-4055-BC21-A1DBC5F0A48A}.Release|Any CPU.Build.0 = Release|Any CPU
	EndGlobalSection
	GlobalSection(SolutionProperties) = preSolution
		HideSolutionNode = FALSE
	EndGlobalSection
	GlobalSection(ExtensibilityGlobals) = postSolution
		SolutionGuid = {ED65510B-8F7F-41B9-B14D-E487A492A0A3}
	EndGlobalSection
EndGlobal
